
Microsoft Visual Studio Solution File, Format Version 12.00
# Visual Studio Version 16
VisualStudioVersion = 16.0.31624.102
MinimumVisualStudioVersion = 10.0.40219.1
Project("{FAE04EC0-301F-11D3-BF4B-00C04F79EFBC}") = "asp0205222", "asp0205222\asp0205222.csproj", "{054F93B5-1FF1-4782-9669-E90CC8C16D32}"
EndProject
Global
	GlobalSection(SolutionConfigurationPlatforms) = preSolution
		Debug|Any CPU = Debug|Any CPU
		Release|Any CPU = Release|Any CPU
	EndGlobalSection
	GlobalSection(ProjectConfigurationPlatforms) = postSolution
		{054F93B5-1FF1-4782-9669-E90CC8C16D32}.Debug|Any CPU.ActiveCfg = Debug|Any CPU
		{054F93B5-1FF1-4782-9669-E90CC8C16D32}.Debug|Any CPU.Build.0 = Debug|Any CPU
		{054F93B5-1FF1-4782-9669-E90CC8C16D32}.Release|Any CPU.ActiveCfg = Release|Any CPU
		{054F93B5-1FF1-4782-9669-E90CC8C16D32}.Release|Any CPU.Build.0 = Release|Any CPU
	EndGlobalSection
	GlobalSection(SolutionProperties) = preSolution
		HideSolutionNode = FALSE
	EndGlobalSection
	GlobalSection(ExtensibilityGlobals) = postSolution
		SolutionGuid = {33ED085E-E240-4F90-84A2-1D3AF5BF7A50}
	EndGlobalSection
EndGlobal
